{
  "name": "questionario",
  "lockfileVersion": 3,
  "requires": true,
  "packages": {
    "": {
      "devDependencies": {
        "typescript": "^5.8.3"
      }
    },
    "node_modules/es2015": {
      "version": "0.0.0",
      "resolved": "https://registry.npmjs.org/es2015/-/es2015-0.0.0.tgz",
      "integrity": "sha512-IKZ1/vWMU9Wd7RUZV8nvEQ6sn/ZxyPblh/uDr2ZufNoYamwwflKMW3K8Q/NDsvDyY0lXAEkz/I9RkSz0sqi3Ww==",
      "dev": true
    },
    "node_modules/typescript": {
      "version": "5.8.3",
      "resolved": "https://registry.npmjs.org/typescript/-/typescript-5.8.3.tgz",
      "integrity": "sha512-p1diW6TqL9L07nNxvRMM7hMMw4c5XOo/1ibL4aAIGmSAt9slTE1Xgw5KWuof2uTOvCg9BY7ZRi+GaF+7sfgPeQ==",
      "dev": true,
      "bin": {
        "tsc": "bin/tsc",
        "tsserver": "bin/tsserver"
      },
      "engines": {
        "node": ">=14.17"
      }
    }
  }
}
